
Microsoft Visual Studio Solution File, Format Version 12.00
# Visual Studio 15
Project("{FAE04EC0-301F-11D3-BF4B-00C04F79EFBC}") = "SteamVR", "SteamVR.csproj", "{365E555B-FEA9-6622-F3BC-1FF149F6AF83}"
EndProject
Project("{FAE04EC0-301F-11D3-BF4B-00C04F79EFBC}") = "SteamVR_Editor", "SteamVR_Editor.csproj", "{42EF0458-4289-F0EA-6BA4-52ABF3E1A2CA}"
EndProject
Project("{FAE04EC0-301F-11D3-BF4B-00C04F79EFBC}") = "SteamVR_Input_Editor", "SteamVR_Input_Editor.csproj", "{6A39C622-2538-1D8F-4650-D417BE100A9E}"
EndProject
Project("{FAE04EC0-301F-11D3-BF4B-00C04F79EFBC}") = "SteamVR_Actions", "SteamVR_Actions.csproj", "{55139262-3F77-D463-46CB-483767EBB991}"
EndProject
Project("{FAE04EC0-301F-11D3-BF4B-00C04F79EFBC}") = "Assembly-CSharp", "Assembly-CSharp.csproj", "{7624B335-0671-3E4D-CC04-E2C955B038BB}"
EndProject
Project("{FAE04EC0-301F-11D3-BF4B-00C04F79EFBC}") = "SteamVR_Windows_EditorHelper", "SteamVR_Windows_EditorHelper.csproj", "{FC8D7297-1731-4894-8AE3-4690C6F8777C}"
EndProject
Global
	GlobalSection(SolutionConfigurationPlatforms) = preSolution
		Debug|Any CPU = Debug|Any CPU
		Release|Any CPU = Release|Any CPU
	EndGlobalSection
	GlobalSection(ProjectConfigurationPlatforms) = postSolution
		{365E555B-FEA9-6622-F3BC-1FF149F6AF83}.Debug|Any CPU.ActiveCfg = Debug|Any CPU
		{365E555B-FEA9-6622-F3BC-1FF149F6AF83}.Debug|Any CPU.Build.0 = Debug|Any CPU
		{365E555B-FEA9-6622-F3BC-1FF149F6AF83}.Release|Any CPU.ActiveCfg = Release|Any CPU
		{365E555B-FEA9-6622-F3BC-1FF149F6AF83}.Release|Any CPU.Build.0 = Release|Any CPU
		{42EF0458-4289-F0EA-6BA4-52ABF3E1A2CA}.Debug|Any CPU.ActiveCfg = Debug|Any CPU
		{42EF0458-4289-F0EA-6BA4-52ABF3E1A2CA}.Debug|Any CPU.Build.0 = Debug|Any CPU
		{42EF0458-4289-F0EA-6BA4-52ABF3E1A2CA}.Release|Any CPU.ActiveCfg = Release|Any CPU
		{42EF0458-4289-F0EA-6BA4-52ABF3E1A2CA}.Release|Any CPU.Build.0 = Release|Any CPU
		{6A39C622-2538-1D8F-4650-D417BE100A9E}.Debug|Any CPU.ActiveCfg = Debug|Any CPU
		{6A39C622-2538-1D8F-4650-D417BE100A9E}.Debug|Any CPU.Build.0 = Debug|Any CPU
		{6A39C622-2538-1D8F-4650-D417BE100A9E}.Release|Any CPU.ActiveCfg = Release|Any CPU
		{6A39C622-2538-1D8F-4650-D417BE100A9E}.Release|Any CPU.Build.0 = Release|Any CPU
		{55139262-3F77-D463-46CB-483767EBB991}.Debug|Any CPU.ActiveCfg = Debug|Any CPU
		{55139262-3F77-D463-46CB-483767EBB991}.Debug|Any CPU.Build.0 = Debug|Any CPU
		{55139262-3F77-D463-46CB-483767EBB991}.Release|Any CPU.ActiveCfg = Release|Any CPU
		{55139262-3F77-D463-46CB-483767EBB991}.Release|Any CPU.Build.0 = Release|Any CPU
		{7624B335-0671-3E4D-CC04-E2C955B038BB}.Debug|Any CPU.ActiveCfg = Debug|Any CPU
		{7624B335-0671-3E4D-CC04-E2C955B038BB}.Debug|Any CPU.Build.0 = Debug|Any CPU
		{7624B335-0671-3E4D-CC04-E2C955B038BB}.Release|Any CPU.ActiveCfg = Release|Any CPU
		{7624B335-0671-3E4D-CC04-E2C955B038BB}.Release|Any CPU.Build.0 = Release|Any CPU
		{FC8D7297-1731-4894-8AE3-4690C6F8777C}.Debug|Any CPU.ActiveCfg = Debug|Any CPU
		{FC8D7297-1731-4894-8AE3-4690C6F8777C}.Debug|Any CPU.Build.0 = Debug|Any CPU
		{FC8D7297-1731-4894-8AE3-4690C6F8777C}.Release|Any CPU.ActiveCfg = Release|Any CPU
		{FC8D7297-1731-4894-8AE3-4690C6F8777C}.Release|Any CPU.Build.0 = Release|Any CPU
	EndGlobalSection
	GlobalSection(SolutionProperties) = preSolution
		HideSolutionNode = FALSE
	EndGlobalSection
EndGlobal
